
Microsoft Visual Studio Solution File, Format Version 11.00
# Visual Studio 2010
Project("{FAE04EC0-301F-11D3-BF4B-00C04F79EFBC}") = "ConsoleApplication1", "ConsoleApplication1\ConsoleApplication1.csproj", "{C51996D1-4B24-4692-B7DC-38DB1685B953}"
EndProject
Global
	GlobalSection(SolutionConfigurationPlatforms) = preSolution
		Debug|x86 = Debug|x86
		Release|x86 = Release|x86
	EndGlobalSection
	GlobalSection(ProjectConfigurationPlatforms) = postSolution
		{C51996D1-4B24-4692-B7DC-38DB1685B953}.Debug|x86.ActiveCfg = Debug|x86
		{C51996D1-4B24-4692-B7DC-38DB1685B953}.Debug|x86.Build.0 = Debug|x86
		{C51996D1-4B24-4692-B7DC-38DB1685B953}.Release|x86.ActiveCfg = Release|x86
		{C51996D1-4B24-4692-B7DC-38DB1685B953}.Release|x86.Build.0 = Release|x86
	EndGlobalSection
	GlobalSection(SolutionProperties) = preSolution
		HideSolutionNode = FALSE
	EndGlobalSection
EndGlobal
